
Microsoft Visual Studio Solution File, Format Version 12.00
# Visual Studio Version 16
VisualStudioVersion = 16.0.29905.134
MinimumVisualStudioVersion = 10.0.40219.1
Project("{9A19103F-16F7-4668-BE54-9A1E7A4F7556}") = "SpacedRepetitionSystem", "SpacedRepetitionSystem\SpacedRepetitionSystem.csproj", "{60E7C2E1-25EF-488D-9D01-B80A79F2F5EC}"
EndProject
Project("{9A19103F-16F7-4668-BE54-9A1E7A4F7556}") = "SpacedRepetitionSystem.Entities", "SpacedRepetitionSystem.Entities\SpacedRepetitionSystem.Entities.csproj", "{CCD7D5C8-B6F8-4F01-AC26-1B3D37585B43}"
EndProject
Project("{9A19103F-16F7-4668-BE54-9A1E7A4F7556}") = "SpacedRepetitionSystem.Utility", "SpacedRepetitionSystem.Utility\SpacedRepetitionSystem.Utility.csproj", "{217BF416-F8F3-45DA-912F-7FCE56522A34}"
EndProject
Project("{9A19103F-16F7-4668-BE54-9A1E7A4F7556}") = "SpacedRepetitionSystem.Components", "Components\SpacedRepetitionSystem.Components.csproj", "{22E2665C-A42F-4CEC-A880-579EC1860A99}"
EndProject
Project("{9A19103F-16F7-4668-BE54-9A1E7A4F7556}") = "SpacedRepetitionSystem.WebAPI", "SpacedRepetitionSystem.WebAPI\SpacedRepetitionSystem.WebAPI.csproj", "{731C044A-A0BE-4D42-8E87-48D2DCD7960A}"
EndProject
Project("{9A19103F-16F7-4668-BE54-9A1E7A4F7556}") = "SpacedRepetitionSystem.WebApi.Tests", "SpacedRepetitionSystem.WebApi.Tests\SpacedRepetitionSystem.WebApi.Tests.csproj", "{39B7BECF-5BB4-4DD4-95CB-2865C5B29305}"
EndProject
Project("{FAE04EC0-301F-11D3-BF4B-00C04F79EFBC}") = "SpacedRepetitionSystem.Utility.Tests", "SpacedRepetitionSystem.Utility.Tests\SpacedRepetitionSystem.Utility.Tests.csproj", "{DAF8E307-F49F-4603-80CE-A1663697207B}"
EndProject
Project("{FAE04EC0-301F-11D3-BF4B-00C04F79EFBC}") = "SpacedRepetitionSystem.Entities.Tests", "SpacedRepetitionSystem.Entities.Tests\SpacedRepetitionSystem.Entities.Tests.csproj", "{03B3C7A6-53CD-4899-82A2-B25BF0BAB957}"
EndProject
Project("{FAE04EC0-301F-11D3-BF4B-00C04F79EFBC}") = "SpacedRepetitionSystem.Components.Tests", "SpacedRepetitionSystem.Components.Tests\SpacedRepetitionSystem.Components.Tests.csproj", "{BA43C1E7-25FD-4966-B2AC-9A113E2D6BFD}"
EndProject
Global
	GlobalSection(SolutionConfigurationPlatforms) = preSolution
		Debug|Any CPU = Debug|Any CPU
		Release|Any CPU = Release|Any CPU
	EndGlobalSection
	GlobalSection(ProjectConfigurationPlatforms) = postSolution
		{60E7C2E1-25EF-488D-9D01-B80A79F2F5EC}.Debug|Any CPU.ActiveCfg = Debug|Any CPU
		{60E7C2E1-25EF-488D-9D01-B80A79F2F5EC}.Debug|Any CPU.Build.0 = Debug|Any CPU
		{60E7C2E1-25EF-488D-9D01-B80A79F2F5EC}.Release|Any CPU.ActiveCfg = Release|Any CPU
		{60E7C2E1-25EF-488D-9D01-B80A79F2F5EC}.Release|Any CPU.Build.0 = Release|Any CPU
		{CCD7D5C8-B6F8-4F01-AC26-1B3D37585B43}.Debug|Any CPU.ActiveCfg = Debug|Any CPU
		{CCD7D5C8-B6F8-4F01-AC26-1B3D37585B43}.Debug|Any CPU.Build.0 = Debug|Any CPU
		{CCD7D5C8-B6F8-4F01-AC26-1B3D37585B43}.Release|Any CPU.ActiveCfg = Release|Any CPU
		{CCD7D5C8-B6F8-4F01-AC26-1B3D37585B43}.Release|Any CPU.Build.0 = Release|Any CPU
		{217BF416-F8F3-45DA-912F-7FCE56522A34}.Debug|Any CPU.ActiveCfg = Debug|Any CPU
		{217BF416-F8F3-45DA-912F-7FCE56522A34}.Debug|Any CPU.Build.0 = Debug|Any CPU
		{217BF416-F8F3-45DA-912F-7FCE56522A34}.Release|Any CPU.ActiveCfg = Release|Any CPU
		{217BF416-F8F3-45DA-912F-7FCE56522A34}.Release|Any CPU.Build.0 = Release|Any CPU
		{22E2665C-A42F-4CEC-A880-579EC1860A99}.Debug|Any CPU.ActiveCfg = Debug|Any CPU
		{22E2665C-A42F-4CEC-A880-579EC1860A99}.Debug|Any CPU.Build.0 = Debug|Any CPU
		{22E2665C-A42F-4CEC-A880-579EC1860A99}.Release|Any CPU.ActiveCfg = Release|Any CPU
		{22E2665C-A42F-4CEC-A880-579EC1860A99}.Release|Any CPU.Build.0 = Release|Any CPU
		{731C044A-A0BE-4D42-8E87-48D2DCD7960A}.Debug|Any CPU.ActiveCfg = Debug|Any CPU
		{731C044A-A0BE-4D42-8E87-48D2DCD7960A}.Debug|Any CPU.Build.0 = Debug|Any CPU
		{731C044A-A0BE-4D42-8E87-48D2DCD7960A}.Release|Any CPU.ActiveCfg = Release|Any CPU
		{731C044A-A0BE-4D42-8E87-48D2DCD7960A}.Release|Any CPU.Build.0 = Release|Any CPU
		{39B7BECF-5BB4-4DD4-95CB-2865C5B29305}.Debug|Any CPU.ActiveCfg = Debug|Any CPU
		{39B7BECF-5BB4-4DD4-95CB-2865C5B29305}.Debug|Any CPU.Build.0 = Debug|Any CPU
		{39B7BECF-5BB4-4DD4-95CB-2865C5B29305}.Release|Any CPU.ActiveCfg = Release|Any CPU
		{39B7BECF-5BB4-4DD4-95CB-2865C5B29305}.Release|Any CPU.Build.0 = Release|Any CPU
		{DAF8E307-F49F-4603-80CE-A1663697207B}.Debug|Any CPU.ActiveCfg = Debug|Any CPU
		{DAF8E307-F49F-4603-80CE-A1663697207B}.Debug|Any CPU.Build.0 = Debug|Any CPU
		{DAF8E307-F49F-4603-80CE-A1663697207B}.Release|Any CPU.ActiveCfg = Release|Any CPU
		{DAF8E307-F49F-4603-80CE-A1663697207B}.Release|Any CPU.Build.0 = Release|Any CPU
		{03B3C7A6-53CD-4899-82A2-B25BF0BAB957}.Debug|Any CPU.ActiveCfg = Debug|Any CPU
		{03B3C7A6-53CD-4899-82A2-B25BF0BAB957}.Debug|Any CPU.Build.0 = Debug|Any CPU
		{03B3C7A6-53CD-4899-82A2-B25BF0BAB957}.Release|Any CPU.ActiveCfg = Release|Any CPU
		{03B3C7A6-53CD-4899-82A2-B25BF0BAB957}.Release|Any CPU.Build.0 = Release|Any CPU
		{BA43C1E7-25FD-4966-B2AC-9A113E2D6BFD}.Debug|Any CPU.ActiveCfg = Debug|Any CPU
		{BA43C1E7-25FD-4966-B2AC-9A113E2D6BFD}.Debug|Any CPU.Build.0 = Debug|Any CPU
		{BA43C1E7-25FD-4966-B2AC-9A113E2D6BFD}.Release|Any CPU.ActiveCfg = Release|Any CPU
		{BA43C1E7-25FD-4966-B2AC-9A113E2D6BFD}.Release|Any CPU.Build.0 = Release|Any CPU
	EndGlobalSection
	GlobalSection(SolutionProperties) = preSolution
		HideSolutionNode = FALSE
	EndGlobalSection
	GlobalSection(ExtensibilityGlobals) = postSolution
		SolutionGuid = {EBF8AAD7-F004-4FFD-841E-DC23D1A6B8EF}
	EndGlobalSection
EndGlobal
